// !$*UTF8*$!
{
	archiveVersion = 1;
	classes = {
	};
	objectVersion = 56;
	objects = {

/* Begin PBXBuildFile section */
		70F9838A2A0D91FB003BF4FE /* AppDelegate.swift in Sources */ = {isa = PBXBuildFile; fileRef = 70F983892A0D91FB003BF4FE /* AppDelegate.swift */; };
		70F9838C2A0D91FB003BF4FE /* SceneDelegate.swift in Sources */ = {isa = PBXBuildFile; fileRef = 70F9838B2A0D91FB003BF4FE /* SceneDelegate.swift */; };
		70F983912A0D91FB003BF4FE /* Main.storyboard in Resources */ = {isa = PBXBuildFile; fileRef = 70F9838F2A0D91FB003BF4FE /* Main.storyboard */; };
		70F983932A0D91FC003BF4FE /* Assets.xcassets in Resources */ = {isa = PBXBuildFile; fileRef = 70F983922A0D91FC003BF4FE /* Assets.xcassets */; };
		70F983962A0D91FC003BF4FE /* LaunchScreen.storyboard in Resources */ = {isa = PBXBuildFile; fileRef = 70F983942A0D91FC003BF4FE /* LaunchScreen.storyboard */; };
		70F983B52A0D923B003BF4FE /* lobby.png in Resources */ = {isa = PBXBuildFile; fileRef = 70F9839F2A0D923B003BF4FE /* lobby.png */; };
		70F983B62A0D923B003BF4FE /* battlebg.png in Resources */ = {isa = PBXBuildFile; fileRef = 70F983A02A0D923B003BF4FE /* battlebg.png */; };
		70F983B72A0D923B003BF4FE /* bgimage.jpg in Resources */ = {isa = PBXBuildFile; fileRef = 70F983A12A0D923B003BF4FE /* bgimage.jpg */; };
		70F983B82A0D923B003BF4FE /* waku.png in Resources */ = {isa = PBXBuildFile; fileRef = 70F983A22A0D923B003BF4FE /* waku.png */; };
		70F983B92A0D923B003BF4FE /* gold_button.png in Resources */ = {isa = PBXBuildFile; fileRef = 70F983A32A0D923B003BF4FE /* gold_button.png */; };
		70F983BA2A0D923B003BF4FE /* yusya.png in Resources */ = {isa = PBXBuildFile; fileRef = 70F983A42A0D923B003BF4FE /* yusya.png */; };
		70F983BB2A0D923B003BF4FE /* monster.png in Resources */ = {isa = PBXBuildFile; fileRef = 70F983A52A0D923B003BF4FE /* monster.png */; };
		70F983BC2A0D923B003BF4FE /* TechMonManager.swift in Sources */ = {isa = PBXBuildFile; fileRef = 70F983A72A0D923B003BF4FE /* TechMonManager.swift */; };
		70F983BD2A0D923B003BF4FE /* Character.swift in Sources */ = {isa = PBXBuildFile; fileRef = 70F983A82A0D923B003BF4FE /* Character.swift */; };
		70F983BE2A0D923B003BF4FE /* Enemy.swift in Sources */ = {isa = PBXBuildFile; fileRef = 70F983A92A0D923B003BF4FE /* Enemy.swift */; };
		70F983BF2A0D923B003BF4FE /* Player.swift in Sources */ = {isa = PBXBuildFile; fileRef = 70F983AA2A0D923B003BF4FE /* Player.swift */; };
		70F983C02A0D923B003BF4FE /* SE_fanfare.mp3 in Resources */ = {isa = PBXBuildFile; fileRef = 70F983AC2A0D923B003BF4FE /* SE_fanfare.mp3 */; };
		70F983C12A0D923B003BF4FE /* BGM_battle001.mp3 in Resources */ = {isa = PBXBuildFile; fileRef = 70F983AD2A0D923B003BF4FE /* BGM_battle001.mp3 */; };
		70F983C22A0D923B003BF4FE /* SE_fire.mp3 in Resources */ = {isa = PBXBuildFile; fileRef = 70F983AE2A0D923B003BF4FE /* SE_fire.mp3 */; };
		70F983C32A0D923B003BF4FE /* SE_attack.mp3 in Resources */ = {isa = PBXBuildFile; fileRef = 70F983AF2A0D923B003BF4FE /* SE_attack.mp3 */; };
		70F983C42A0D923B003BF4FE /* SE_gameover.mp3 in Resources */ = {isa = PBXBuildFile; fileRef = 70F983B02A0D923B003BF4FE /* SE_gameover.mp3 */; };
		70F983C52A0D923B003BF4FE /* SE_charge.mp3 in Resources */ = {isa = PBXBuildFile; fileRef = 70F983B12A0D923B003BF4FE /* SE_charge.mp3 */; };
		70F983C62A0D923B003BF4FE /* lobby.mp3 in Resources */ = {isa = PBXBuildFile; fileRef = 70F983B22A0D923B003BF4FE /* lobby.mp3 */; };
		70F983C72A0D923B003BF4FE /* misaki_gothic.ttf in Resources */ = {isa = PBXBuildFile; fileRef = 70F983B42A0D923B003BF4FE /* misaki_gothic.ttf */; };
		70F983C92A0D98A9003BF4FE /* LobbyViewController.swift in Sources */ = {isa = PBXBuildFile; fileRef = 70F983C82A0D98A9003BF4FE /* LobbyViewController.swift */; };
		70F983CB2A0D98BB003BF4FE /* BattleViewController.swift in Sources */ = {isa = PBXBuildFile; fileRef = 70F983CA2A0D98BB003BF4FE /* BattleViewController.swift */; };
/* End PBXBuildFile section */

/* Begin PBXFileReference section */
		70F983862A0D91FB003BF4FE /* TechMonGame.app */ = {isa = PBXFileReference; explicitFileType = wrapper.application; includeInIndex = 0; path = TechMonGame.app; sourceTree = BUILT_PRODUCTS_DIR; };
		70F983892A0D91FB003BF4FE /* AppDelegate.swift */ = {isa = PBXFileReference; lastKnownFileType = sourcecode.swift; path = AppDelegate.swift; sourceTree = "<group>"; };
		70F9838B2A0D91FB003BF4FE /* SceneDelegate.swift */ = {isa = PBXFileReference; lastKnownFileType = sourcecode.swift; path = SceneDelegate.swift; sourceTree = "<group>"; };
		70F983902A0D91FB003BF4FE /* Base */ = {isa = PBXFileReference; lastKnownFileType = file.storyboard; name = Base; path = Base.lproj/Main.storyboard; sourceTree = "<group>"; };
		70F983922A0D91FC003BF4FE /* Assets.xcassets */ = {isa = PBXFileReference; lastKnownFileType = folder.assetcatalog; path = Assets.xcassets; sourceTree = "<group>"; };
		70F983952A0D91FC003BF4FE /* Base */ = {isa = PBXFileReference; lastKnownFileType = file.storyboard; name = Base; path = Base.lproj/LaunchScreen.storyboard; sourceTree = "<group>"; };
		70F983972A0D91FC003BF4FE /* Info.plist */ = {isa = PBXFileReference; lastKnownFileType = text.plist.xml; path = Info.plist; sourceTree = "<group>"; };
		70F9839F2A0D923B003BF4FE /* lobby.png */ = {isa = PBXFileReference; lastKnownFileType = image.png; path = lobby.png; sourceTree = "<group>"; };
		70F983A02A0D923B003BF4FE /* battlebg.png */ = {isa = PBXFileReference; lastKnownFileType = image.png; path = battlebg.png; sourceTree = "<group>"; };
		70F983A12A0D923B003BF4FE /* bgimage.jpg */ = {isa = PBXFileReference; lastKnownFileType = image.jpeg; path = bgimage.jpg; sourceTree = "<group>"; };
		70F983A22A0D923B003BF4FE /* waku.png */ = {isa = PBXFileReference; lastKnownFileType = image.png; path = waku.png; sourceTree = "<group>"; };
		70F983A32A0D923B003BF4FE /* gold_button.png */ = {isa = PBXFileReference; lastKnownFileType = image.png; path = gold_button.png; sourceTree = "<group>"; };
		70F983A42A0D923B003BF4FE /* yusya.png */ = {isa = PBXFileReference; lastKnownFileType = image.png; path = yusya.png; sourceTree = "<group>"; };
		70F983A52A0D923B003BF4FE /* monster.png */ = {isa = PBXFileReference; lastKnownFileType = image.png; path = monster.png; sourceTree = "<group>"; };
		70F983A72A0D923B003BF4FE /* TechMonManager.swift */ = {isa = PBXFileReference; fileEncoding = 4; lastKnownFileType = sourcecode.swift; path = TechMonManager.swift; sourceTree = "<group>"; };
		70F983A82A0D923B003BF4FE /* Character.swift */ = {isa = PBXFileReference; fileEncoding = 4; lastKnownFileType = sourcecode.swift; path = Character.swift; sourceTree = "<group>"; };
		70F983A92A0D923B003BF4FE /* Enemy.swift */ = {isa = PBXFileReference; fileEncoding = 4; lastKnownFileType = sourcecode.swift; path = Enemy.swift; sourceTree = "<group>"; };
		70F983AA2A0D923B003BF4FE /* Player.swift */ = {isa = PBXFileReference; fileEncoding = 4; lastKnownFileType = sourcecode.swift; path = Player.swift; sourceTree = "<group>"; };
		70F983AC2A0D923B003BF4FE /* SE_fanfare.mp3 */ = {isa = PBXFileReference; lastKnownFileType = audio.mp3; path = SE_fanfare.mp3; sourceTree = "<group>"; };
		70F983AD2A0D923B003BF4FE /* BGM_battle001.mp3 */ = {isa = PBXFileReference; lastKnownFileType = audio.mp3; path = BGM_battle001.mp3; sourceTree = "<group>"; };
		70F983AE2A0D923B003BF4FE /* SE_fire.mp3 */ = {isa = PBXFileReference; lastKnownFileType = audio.mp3; path = SE_fire.mp3; sourceTree = "<group>"; };
		70F983AF2A0D923B003BF4FE /* SE_attack.mp3 */ = {isa = PBXFileReference; lastKnownFileType = audio.mp3; path = SE_attack.mp3; sourceTree = "<group>"; };
		70F983B02A0D923B003BF4FE /* SE_gameover.mp3 */ = {isa = PBXFileReference; lastKnownFileType = audio.mp3; path = SE_gameover.mp3; sourceTree = "<group>"; };
		70F983B12A0D923B003BF4FE /* SE_charge.mp3 */ = {isa = PBXFileReference; lastKnownFileType = audio.mp3; path = SE_charge.mp3; sourceTree = "<group>"; };
		70F983B22A0D923B003BF4FE /* lobby.mp3 */ = {isa = PBXFileReference; lastKnownFileType = audio.mp3; path = lobby.mp3; sourceTree = "<group>"; };
		70F983B42A0D923B003BF4FE /* misaki_gothic.ttf */ = {isa = PBXFileReference; lastKnownFileType = file; path = misaki_gothic.ttf; sourceTree = "<group>"; };
		70F983C82A0D98A9003BF4FE /* LobbyViewController.swift */ = {isa = PBXFileReference; lastKnownFileType = sourcecode.swift; path = LobbyViewController.swift; sourceTree = "<group>"; };
		70F983CA2A0D98BB003BF4FE /* BattleViewController.swift */ = {isa = PBXFileReference; lastKnownFileType = sourcecode.swift; path = BattleViewController.swift; sourceTree = "<group>"; };
/* End PBXFileReference section */

/* Begin PBXFrameworksBuildPhase section */
		70F983832A0D91FB003BF4FE /* Frameworks */ = {
			isa = PBXFrameworksBuildPhase;
			buildActionMask = 2147483647;
			files = (
			);
			runOnlyForDeploymentPostprocessing = 0;
		};
/* End PBXFrameworksBuildPhase section */

/* Begin PBXGroup section */
		70F9837D2A0D91FB003BF4FE = {
			isa = PBXGroup;
			children = (
				70F983882A0D91FB003BF4FE /* TechMonGame */,
				70F983872A0D91FB003BF4FE /* Products */,
			);
			sourceTree = "<group>";
		};
		70F983872A0D91FB003BF4FE /* Products */ = {
			isa = PBXGroup;
			children = (
				70F983862A0D91FB003BF4FE /* TechMonGame.app */,
			);
			name = Products;
			sourceTree = "<group>";
		};
		70F983882A0D91FB003BF4FE /* TechMonGame */ = {
			isa = PBXGroup;
			children = (
				70F9839D2A0D923B003BF4FE /* TechMon_Resources */,
				70F983892A0D91FB003BF4FE /* AppDelegate.swift */,
				70F9838B2A0D91FB003BF4FE /* SceneDelegate.swift */,
				70F9838F2A0D91FB003BF4FE /* Main.storyboard */,
				70F983922A0D91FC003BF4FE /* Assets.xcassets */,
				70F983942A0D91FC003BF4FE /* LaunchScreen.storyboard */,
				70F983972A0D91FC003BF4FE /* Info.plist */,
				70F983B42A0D923B003BF4FE /* misaki_gothic.ttf */,
				70F983C82A0D98A9003BF4FE /* LobbyViewController.swift */,
				70F983CA2A0D98BB003BF4FE /* BattleViewController.swift */,
			);
			path = TechMonGame;
			sourceTree = "<group>";
		};
		70F9839D2A0D923B003BF4FE /* TechMon_Resources */ = {
			isa = PBXGroup;
			children = (
				70F9839E2A0D923B003BF4FE /* Images */,
				70F983A62A0D923B003BF4FE /* Models */,
				70F983AB2A0D923B003BF4FE /* Sounds */,
				70F983B32A0D923B003BF4FE /* Fonts */,
			);
			path = TechMon_Resources;
			sourceTree = "<group>";
		};
		70F9839E2A0D923B003BF4FE /* Images */ = {
			isa = PBXGroup;
			children = (
				70F9839F2A0D923B003BF4FE /* lobby.png */,
				70F983A02A0D923B003BF4FE /* battlebg.png */,
				70F983A12A0D923B003BF4FE /* bgimage.jpg */,
				70F983A22A0D923B003BF4FE /* waku.png */,
				70F983A32A0D923B003BF4FE /* gold_button.png */,
				70F983A42A0D923B003BF4FE /* yusya.png */,
				70F983A52A0D923B003BF4FE /* monster.png */,
			);
			path = Images;
			sourceTree = "<group>";
		};
		70F983A62A0D923B003BF4FE /* Models */ = {
			isa = PBXGroup;
			children = (
				70F983A72A0D923B003BF4FE /* TechMonManager.swift */,
				70F983A82A0D923B003BF4FE /* Character.swift */,
				70F983A92A0D923B003BF4FE /* Enemy.swift */,
				70F983AA2A0D923B003BF4FE /* Player.swift */,
			);
			path = Models;
			sourceTree = "<group>";
		};
		70F983AB2A0D923B003BF4FE /* Sounds */ = {
			isa = PBXGroup;
			children = (
				70F983AC2A0D923B003BF4FE /* SE_fanfare.mp3 */,
				70F983AD2A0D923B003BF4FE /* BGM_battle001.mp3 */,
				70F983AE2A0D923B003BF4FE /* SE_fire.mp3 */,
				70F983AF2A0D923B003BF4FE /* SE_attack.mp3 */,
				70F983B02A0D923B003BF4FE /* SE_gameover.mp3 */,
				70F983B12A0D923B003BF4FE /* SE_charge.mp3 */,
				70F983B22A0D923B003BF4FE /* lobby.mp3 */,
			);
			path = Sounds;
			sourceTree = "<group>";
		};
		70F983B32A0D923B003BF4FE /* Fonts */ = {
			isa = PBXGroup;
			children = (
			);
			path = Fonts;
			sourceTree = "<group>";
		};
/* End PBXGroup section */

/* Begin PBXNativeTarget section */
		70F983852A0D91FB003BF4FE /* TechMonGame */ = {
			isa = PBXNativeTarget;
			buildConfigurationList = 70F9839A2A0D91FC003BF4FE /* Build configuration list for PBXNativeTarget "TechMonGame" */;
			buildPhases = (
				70F983822A0D91FB003BF4FE /* Sources */,
				70F983832A0D91FB003BF4FE /* Frameworks */,
				70F983842A0D91FB003BF4FE /* Resources */,
			);
			buildRules = (
			);
			dependencies = (
			);
			name = TechMonGame;
			productName = TechMonGame;
			productReference = 70F983862A0D91FB003BF4FE /* TechMonGame.app */;
			productType = "com.apple.product-type.application";
		};
/* End PBXNativeTarget section */

/* Begin PBXProject section */
		70F9837E2A0D91FB003BF4FE /* Project object */ = {
			isa = PBXProject;
			attributes = {
				BuildIndependentTargetsInParallel = 1;
				LastSwiftUpdateCheck = 1430;
				LastUpgradeCheck = 1430;
				TargetAttributes = {
					70F983852A0D91FB003BF4FE = {
						CreatedOnToolsVersion = 14.3;
					};
				};
			};
			buildConfigurationList = 70F983812A0D91FB003BF4FE /* Build configuration list for PBXProject "TechMonGame" */;
			compatibilityVersion = "Xcode 14.0";
			developmentRegion = en;
			hasScannedForEncodings = 0;
			knownRegions = (
				en,
				Base,
			);
			mainGroup = 70F9837D2A0D91FB003BF4FE;
			productRefGroup = 70F983872A0D91FB003BF4FE /* Products */;
			projectDirPath = "";
			projectRoot = "";
			targets = (
				70F983852A0D91FB003BF4FE /* TechMonGame */,
			);
		};
/* End PBXProject section */

/* Begin PBXResourcesBuildPhase section */
		70F983842A0D91FB003BF4FE /* Resources */ = {
			isa = PBXResourcesBuildPhase;
			buildActionMask = 2147483647;
			files = (
				70F983BA2A0D923B003BF4FE /* yusya.png in Resources */,
				70F983B72A0D923B003BF4FE /* bgimage.jpg in Resources */,
				70F983B82A0D923B003BF4FE /* waku.png in Resources */,
				70F983C02A0D923B003BF4FE /* SE_fanfare.mp3 in Resources */,
				70F983B52A0D923B003BF4FE /* lobby.png in Resources */,
				70F983B92A0D923B003BF4FE /* gold_button.png in Resources */,
				70F983C32A0D923B003BF4FE /* SE_attack.mp3 in Resources */,
				70F983962A0D91FC003BF4FE /* LaunchScreen.storyboard in Resources */,
				70F983C62A0D923B003BF4FE /* lobby.mp3 in Resources */,
				70F983932A0D91FC003BF4FE /* Assets.xcassets in Resources */,
				70F983C72A0D923B003BF4FE /* misaki_gothic.ttf in Resources */,
				70F983C42A0D923B003BF4FE /* SE_gameover.mp3 in Resources */,
				70F983B62A0D923B003BF4FE /* battlebg.png in Resources */,
				70F983C12A0D923B003BF4FE /* BGM_battle001.mp3 in Resources */,
				70F983C52A0D923B003BF4FE /* SE_charge.mp3 in Resources */,
				70F983C22A0D923B003BF4FE /* SE_fire.mp3 in Resources */,
				70F983BB2A0D923B003BF4FE /* monster.png in Resources */,
				70F983912A0D91FB003BF4FE /* Main.storyboard in Resources */,
			);
			runOnlyForDeploymentPostprocessing = 0;
		};
/* End PBXResourcesBuildPhase section */

/* Begin PBXSourcesBuildPhase section */
		70F983822A0D91FB003BF4FE /* Sources */ = {
			isa = PBXSourcesBuildPhase;
			buildActionMask = 2147483647;
			files = (
				70F983BC2A0D923B003BF4FE /* TechMonManager.swift in Sources */,
				70F983BE2A0D923B003BF4FE /* Enemy.swift in Sources */,
				70F983C92A0D98A9003BF4FE /* LobbyViewController.swift in Sources */,
				70F983BD2A0D923B003BF4FE /* Character.swift in Sources */,
				70F983BF2A0D923B003BF4FE /* Player.swift in Sources */,
				70F983CB2A0D98BB003BF4FE /* BattleViewController.swift in Sources */,
				70F9838A2A0D91FB003BF4FE /* AppDelegate.swift in Sources */,
				70F9838C2A0D91FB003BF4FE /* SceneDelegate.swift in Sources */,
			);
			runOnlyForDeploymentPostprocessing = 0;
		};
/* End PBXSourcesBuildPhase section */

/* Begin PBXVariantGroup section */
		70F9838F2A0D91FB003BF4FE /* Main.storyboard */ = {
			isa = PBXVariantGroup;
			children = (
				70F983902A0D91FB003BF4FE /* Base */,
			);
			name = Main.storyboard;
			sourceTree = "<group>";
		};
		70F983942A0D91FC003BF4FE /* LaunchScreen.storyboard */ = {
			isa = PBXVariantGroup;
			children = (
				70F983952A0D91FC003BF4FE /* Base */,
			);
			name = LaunchScreen.storyboard;
			sourceTree = "<group>";
		};
/* End PBXVariantGroup section */

/* Begin XCBuildConfiguration section */
		70F983982A0D91FC003BF4FE /* Debug */ = {
			isa = XCBuildConfiguration;
			buildSettings = {
				ALWAYS_SEARCH_USER_PATHS = NO;
				CLANG_ANALYZER_NONNULL = YES;
				CLANG_ANALYZER_NUMBER_OBJECT_CONVERSION = YES_AGGRESSIVE;
				CLANG_CXX_LANGUAGE_STANDARD = "gnu++20";
				CLANG_ENABLE_MODULES = YES;
				CLANG_ENABLE_OBJC_ARC = YES;
				CLANG_ENABLE_OBJC_WEAK = YES;
				CLANG_WARN_BLOCK_CAPTURE_AUTORELEASING = YES;
				CLANG_WARN_BOOL_CONVERSION = YES;
				CLANG_WARN_COMMA = YES;
				CLANG_WARN_CONSTANT_CONVERSION = YES;
				CLANG_WARN_DEPRECATED_OBJC_IMPLEMENTATIONS = YES;
				CLANG_WARN_DIRECT_OBJC_ISA_USAGE = YES_ERROR;
				CLANG_WARN_DOCUMENTATION_COMMENTS = YES;
				CLANG_WARN_EMPTY_BODY = YES;
				CLANG_WARN_ENUM_CONVERSION = YES;
				CLANG_WARN_INFINITE_RECURSION = YES;
				CLANG_WARN_INT_CONVERSION = YES;
				CLANG_WARN_NON_LITERAL_NULL_CONVERSION = YES;
				CLANG_WARN_OBJC_IMPLICIT_RETAIN_SELF = YES;
				CLANG_WARN_OBJC_LITERAL_CONVERSION = YES;
				CLANG_WARN_OBJC_ROOT_CLASS = YES_ERROR;
				CLANG_WARN_QUOTED_INCLUDE_IN_FRAMEWORK_HEADER = YES;
				CLANG_WARN_RANGE_LOOP_ANALYSIS = YES;
				CLANG_WARN_STRICT_PROTOTYPES = YES;
				CLANG_WARN_SUSPICIOUS_MOVE = YES;
				CLANG_WARN_UNGUARDED_AVAILABILITY = YES_AGGRESSIVE;
				CLANG_WARN_UNREACHABLE_CODE = YES;
				CLANG_WARN__DUPLICATE_METHOD_MATCH = YES;
				COPY_PHASE_STRIP = NO;
				DEBUG_INFORMATION_FORMAT = dwarf;
				ENABLE_STRICT_OBJC_MSGSEND = YES;
				ENABLE_TESTABILITY = YES;
				GCC_C_LANGUAGE_STANDARD = gnu11;
				GCC_DYNAMIC_NO_PIC = NO;
				GCC_NO_COMMON_BLOCKS = YES;
				GCC_OPTIMIZATION_LEVEL = 0;
				GCC_PREPROCESSOR_DEFINITIONS = (
					"DEBUG=1",
					"$(inherited)",
				);
				GCC_WARN_64_TO_32_BIT_CONVERSION = YES;
				GCC_WARN_ABOUT_RETURN_TYPE = YES_ERROR;
				GCC_WARN_UNDECLARED_SELECTOR = YES;
				GCC_WARN_UNINITIALIZED_AUTOS = YES_AGGRESSIVE;
				GCC_WARN_UNUSED_FUNCTION = YES;
				GCC_WARN_UNUSED_VARIABLE = YES;
				IPHONEOS_DEPLOYMENT_TARGET = 16.4;
				MTL_ENABLE_DEBUG_INFO = INCLUDE_SOURCE;
				MTL_FAST_MATH = YES;
				ONLY_ACTIVE_ARCH = YES;
				SDKROOT = iphoneos;
				SWIFT_ACTIVE_COMPILATION_CONDITIONS = DEBUG;
				SWIFT_OPTIMIZATION_LEVEL = "-Onone";
			};
			name = Debug;
		};
		70F983992A0D91FC003BF4FE /* Release */ = {
			isa = XCBuildConfiguration;
			buildSettings = {
				ALWAYS_SEARCH_USER_PATHS = NO;
				CLANG_ANALYZER_NONNULL = YES;
				CLANG_ANALYZER_NUMBER_OBJECT_CONVERSION = YES_AGGRESSIVE;
				CLANG_CXX_LANGUAGE_STANDARD = "gnu++20";
				CLANG_ENABLE_MODULES = YES;
				CLANG_ENABLE_OBJC_ARC = YES;
				CLANG_ENABLE_OBJC_WEAK = YES;
				CLANG_WARN_BLOCK_CAPTURE_AUTORELEASING = YES;
				CLANG_WARN_BOOL_CONVERSION = YES;
				CLANG_WARN_COMMA = YES;
				CLANG_WARN_CONSTANT_CONVERSION = YES;
				CLANG_WARN_DEPRECATED_OBJC_IMPLEMENTATIONS = YES;
				CLANG_WARN_DIRECT_OBJC_ISA_USAGE = YES_ERROR;
				CLANG_WARN_DOCUMENTATION_COMMENTS = YES;
				CLANG_WARN_EMPTY_BODY = YES;
				CLANG_WARN_ENUM_CONVERSION = YES;
				CLANG_WARN_INFINITE_RECURSION = YES;
				CLANG_WARN_INT_CONVERSION = YES;
				CLANG_WARN_NON_LITERAL_NULL_CONVERSION = YES;
				CLANG_WARN_OBJC_IMPLICIT_RETAIN_SELF = YES;
				CLANG_WARN_OBJC_LITERAL_CONVERSION = YES;
				CLANG_WARN_OBJC_ROOT_CLASS = YES_ERROR;
				CLANG_WARN_QUOTED_INCLUDE_IN_FRAMEWORK_HEADER = YES;
				CLANG_WARN_RANGE_LOOP_ANALYSIS = YES;
				CLANG_WARN_STRICT_PROTOTYPES = YES;
				CLANG_WARN_SUSPICIOUS_MOVE = YES;
				CLANG_WARN_UNGUARDED_AVAILABILITY = YES_AGGRESSIVE;
				CLANG_WARN_UNREACHABLE_CODE = YES;
				CLANG_WARN__DUPLICATE_METHOD_MATCH = YES;
				COPY_PHASE_STRIP = NO;
				DEBUG_INFORMATION_FORMAT = "dwarf-with-dsym";
				ENABLE_NS_ASSERTIONS = NO;
				ENABLE_STRICT_OBJC_MSGSEND = YES;
				GCC_C_LANGUAGE_STANDARD = gnu11;
				GCC_NO_COMMON_BLOCKS = YES;
				GCC_WARN_64_TO_32_BIT_CONVERSION = YES;
				GCC_WARN_ABOUT_RETURN_TYPE = YES_ERROR;
				GCC_WARN_UNDECLARED_SELECTOR = YES;
				GCC_WARN_UNINITIALIZED_AUTOS = YES_AGGRESSIVE;
				GCC_WARN_UNUSED_FUNCTION = YES;
				GCC_WARN_UNUSED_VARIABLE = YES;
				IPHONEOS_DEPLOYMENT_TARGET = 16.4;
				MTL_ENABLE_DEBUG_INFO = NO;
				MTL_FAST_MATH = YES;
				SDKROOT = iphoneos;
				SWIFT_COMPILATION_MODE = wholemodule;
				SWIFT_OPTIMIZATION_LEVEL = "-O";
				VALIDATE_PRODUCT = YES;
			};
			name = Release;
		};
		70F9839B2A0D91FC003BF4FE /* Debug */ = {
			isa = XCBuildConfiguration;
			buildSettings = {
				ASSETCATALOG_COMPILER_APPICON_NAME = AppIcon;
				ASSETCATALOG_COMPILER_GLOBAL_ACCENT_COLOR_NAME = AccentColor;
				CODE_SIGN_STYLE = Automatic;
				CURRENT_PROJECT_VERSION = 1;
				GENERATE_INFOPLIST_FILE = YES;
				INFOPLIST_FILE = TechMonGame/Info.plist;
				INFOPLIST_KEY_UIApplicationSupportsIndirectInputEvents = YES;
				INFOPLIST_KEY_UILaunchStoryboardName = LaunchScreen;
				INFOPLIST_KEY_UIMainStoryboardFile = Main;
				INFOPLIST_KEY_UISupportedInterfaceOrientations_iPad = "UIInterfaceOrientationPortrait UIInterfaceOrientationPortraitUpsideDown UIInterfaceOrientationLandscapeLeft UIInterfaceOrientationLandscapeRight";
				INFOPLIST_KEY_UISupportedInterfaceOrientations_iPhone = "UIInterfaceOrientationPortrait UIInterfaceOrientationLandscapeLeft UIInterfaceOrientationLandscapeRight";
				LD_RUNPATH_SEARCH_PATHS = (
					"$(inherited)",
					"@executable_path/Frameworks",
				);
				MARKETING_VERSION = 1.0;
				PRODUCT_BUNDLE_IDENTIFIER = app.shirakawa.soppy.TechMonGame;
				PRODUCT_NAME = "$(TARGET_NAME)";
				SWIFT_EMIT_LOC_STRINGS = YES;
				SWIFT_VERSION = 5.0;
				TARGETED_DEVICE_FAMILY = "1,2";
			};
			name = Debug;
		};
		70F9839C2A0D91FC003BF4FE /* Release */ = {
			isa = XCBuildConfiguration;
			buildSettings = {
				ASSETCATALOG_COMPILER_APPICON_NAME = AppIcon;
				ASSETCATALOG_COMPILER_GLOBAL_ACCENT_COLOR_NAME = AccentColor;
				CODE_SIGN_STYLE = Automatic;
				CURRENT_PROJECT_VERSION = 1;
				GENERATE_INFOPLIST_FILE = YES;
				INFOPLIST_FILE = TechMonGame/Info.plist;
				INFOPLIST_KEY_UIApplicationSupportsIndirectInputEvents = YES;
				INFOPLIST_KEY_UILaunchStoryboardName = LaunchScreen;
				INFOPLIST_KEY_UIMainStoryboardFile = Main;
				INFOPLIST_KEY_UISupportedInterfaceOrientations_iPad = "UIInterfaceOrientationPortrait UIInterfaceOrientationPortraitUpsideDown UIInterfaceOrientationLandscapeLeft UIInterfaceOrientationLandscapeRight";
				INFOPLIST_KEY_UISupportedInterfaceOrientations_iPhone = "UIInterfaceOrientationPortrait UIInterfaceOrientationLandscapeLeft UIInterfaceOrientationLandscapeRight";
				LD_RUNPATH_SEARCH_PATHS = (
					"$(inherited)",
					"@executable_path/Frameworks",
				);
				MARKETING_VERSION = 1.0;
				PRODUCT_BUNDLE_IDENTIFIER = app.shirakawa.soppy.TechMonGame;
				PRODUCT_NAME = "$(TARGET_NAME)";
				SWIFT_EMIT_LOC_STRINGS = YES;
				SWIFT_VERSION = 5.0;
				TARGETED_DEVICE_FAMILY = "1,2";
			};
			name = Release;
		};
/* End XCBuildConfiguration section */

/* Begin XCConfigurationList section */
		70F983812A0D91FB003BF4FE /* Build configuration list for PBXProject "TechMonGame" */ = {
			isa = XCConfigurationList;
			buildConfigurations = (
				70F983982A0D91FC003BF4FE /* Debug */,
				70F983992A0D91FC003BF4FE /* Release */,
			);
			defaultConfigurationIsVisible = 0;
			defaultConfigurationName = Release;
		};
		70F9839A2A0D91FC003BF4FE /* Build configuration list for PBXNativeTarget "TechMonGame" */ = {
			isa = XCConfigurationList;
			buildConfigurations = (
				70F9839B2A0D91FC003BF4FE /* Debug */,
				70F9839C2A0D91FC003BF4FE /* Release */,
			);
			defaultConfigurationIsVisible = 0;
			defaultConfigurationName = Release;
		};
/* End XCConfigurationList section */
	};
	rootObject = 70F9837E2A0D91FB003BF4FE /* Project object */;
}
